
Microsoft Visual Studio Solution File, Format Version 12.00
# Visual Studio Version 16
VisualStudioVersion = 16.0.30128.74
MinimumVisualStudioVersion = 10.0.40219.1
Project("{FAE04EC0-301F-11D3-BF4B-00C04F79EFBC}") = "Codility03.2", "Codility03.2\Codility03.2.csproj", "{38CE6A6C-2BBC-4E1C-B92C-8FA7BECDA5B9}"
EndProject
Global
	GlobalSection(SolutionConfigurationPlatforms) = preSolution
		Debug|Any CPU = Debug|Any CPU
		Release|Any CPU = Release|Any CPU
	EndGlobalSection
	GlobalSection(ProjectConfigurationPlatforms) = postSolution
		{38CE6A6C-2BBC-4E1C-B92C-8FA7BECDA5B9}.Debug|Any CPU.ActiveCfg = Debug|Any CPU
		{38CE6A6C-2BBC-4E1C-B92C-8FA7BECDA5B9}.Debug|Any CPU.Build.0 = Debug|Any CPU
		{38CE6A6C-2BBC-4E1C-B92C-8FA7BECDA5B9}.Release|Any CPU.ActiveCfg = Release|Any CPU
		{38CE6A6C-2BBC-4E1C-B92C-8FA7BECDA5B9}.Release|Any CPU.Build.0 = Release|Any CPU
	EndGlobalSection
	GlobalSection(SolutionProperties) = preSolution
		HideSolutionNode = FALSE
	EndGlobalSection
	GlobalSection(ExtensibilityGlobals) = postSolution
		SolutionGuid = {EE763CCF-8AC7-4427-A3A2-AAC8E71432F4}
	EndGlobalSection
EndGlobal
